
Microsoft Visual Studio Solution File, Format Version 12.00
# Visual Studio Version 17
VisualStudioVersion = 17.5.33414.496
MinimumVisualStudioVersion = 10.0.40219.1
Project("{FAE04EC0-301F-11D3-BF4B-00C04F79EFBC}") = "B-spline", "B-spline.csproj", "{474525D4-77BE-4C3E-9225-8F2C66DE92A4}"
EndProject
Global
	GlobalSection(SolutionConfigurationPlatforms) = preSolution
		Debug|Any CPU = Debug|Any CPU
		Release|Any CPU = Release|Any CPU
	EndGlobalSection
	GlobalSection(ProjectConfigurationPlatforms) = postSolution
		{474525D4-77BE-4C3E-9225-8F2C66DE92A4}.Debug|Any CPU.ActiveCfg = Debug|Any CPU
		{474525D4-77BE-4C3E-9225-8F2C66DE92A4}.Debug|Any CPU.Build.0 = Debug|Any CPU
		{474525D4-77BE-4C3E-9225-8F2C66DE92A4}.Release|Any CPU.ActiveCfg = Release|Any CPU
		{474525D4-77BE-4C3E-9225-8F2C66DE92A4}.Release|Any CPU.Build.0 = Release|Any CPU
	EndGlobalSection
	GlobalSection(SolutionProperties) = preSolution
		HideSolutionNode = FALSE
	EndGlobalSection
	GlobalSection(ExtensibilityGlobals) = postSolution
		SolutionGuid = {7546F626-7BDE-4024-A659-564951850700}
	EndGlobalSection
EndGlobal
